
Microsoft Visual Studio Solution File, Format Version 12.00
# Visual Studio Version 16
VisualStudioVersion = 16.0.31424.327
MinimumVisualStudioVersion = 10.0.40219.1
Project("{FAE04EC0-301F-11D3-BF4B-00C04F79EFBC}") = "day4", "day4\day4.csproj", "{ECB6DEA3-A584-4FAD-AD94-7FA65C48B42B}"
EndProject
Global
	GlobalSection(SolutionConfigurationPlatforms) = preSolution
		Debug|Any CPU = Debug|Any CPU
		Release|Any CPU = Release|Any CPU
	EndGlobalSection
	GlobalSection(ProjectConfigurationPlatforms) = postSolution
		{ECB6DEA3-A584-4FAD-AD94-7FA65C48B42B}.Debug|Any CPU.ActiveCfg = Debug|Any CPU
		{ECB6DEA3-A584-4FAD-AD94-7FA65C48B42B}.Debug|Any CPU.Build.0 = Debug|Any CPU
		{ECB6DEA3-A584-4FAD-AD94-7FA65C48B42B}.Release|Any CPU.ActiveCfg = Release|Any CPU
		{ECB6DEA3-A584-4FAD-AD94-7FA65C48B42B}.Release|Any CPU.Build.0 = Release|Any CPU
	EndGlobalSection
	GlobalSection(SolutionProperties) = preSolution
		HideSolutionNode = FALSE
	EndGlobalSection
	GlobalSection(ExtensibilityGlobals) = postSolution
		SolutionGuid = {3260C819-C575-4E36-8E68-91C7C888B372}
	EndGlobalSection
EndGlobal
